
Microsoft Visual Studio Solution File, Format Version 12.00
# Visual Studio Version 17
VisualStudioVersion = 17.3.32811.315
MinimumVisualStudioVersion = 10.0.40219.1
Project("{FAE04EC0-301F-11D3-BF4B-00C04F79EFBC}") = "vroom_server", "vroom_server\vroom_server.csproj", "{47ADA636-D571-484A-A366-C4E36CE344E4}"
EndProject
Global
	GlobalSection(SolutionConfigurationPlatforms) = preSolution
		Debug|Any CPU = Debug|Any CPU
		Release|Any CPU = Release|Any CPU
	EndGlobalSection
	GlobalSection(ProjectConfigurationPlatforms) = postSolution
		{47ADA636-D571-484A-A366-C4E36CE344E4}.Debug|Any CPU.ActiveCfg = Debug|Any CPU
		{47ADA636-D571-484A-A366-C4E36CE344E4}.Debug|Any CPU.Build.0 = Debug|Any CPU
		{47ADA636-D571-484A-A366-C4E36CE344E4}.Release|Any CPU.ActiveCfg = Release|Any CPU
		{47ADA636-D571-484A-A366-C4E36CE344E4}.Release|Any CPU.Build.0 = Release|Any CPU
	EndGlobalSection
	GlobalSection(SolutionProperties) = preSolution
		HideSolutionNode = FALSE
	EndGlobalSection
	GlobalSection(ExtensibilityGlobals) = postSolution
		SolutionGuid = {1FCB4DD1-9EC3-4E63-81C4-3180052EB5DE}
	EndGlobalSection
EndGlobal
